
Microsoft Visual Studio Solution File, Format Version 12.00
# Visual Studio Version 17
VisualStudioVersion = 17.14.36202.13 d17.14
MinimumVisualStudioVersion = 10.0.40219.1
Project("{FAE04EC0-301F-11D3-BF4B-00C04F79EFBC}") = "homework", "homework\homework.csproj", "{357CC4B9-CDDB-478D-8381-9667F0859EFF}"
EndProject
Global
	GlobalSection(SolutionConfigurationPlatforms) = preSolution
		Debug|Any CPU = Debug|Any CPU
		Release|Any CPU = Release|Any CPU
	EndGlobalSection
	GlobalSection(ProjectConfigurationPlatforms) = postSolution
		{357CC4B9-CDDB-478D-8381-9667F0859EFF}.Debug|Any CPU.ActiveCfg = Debug|Any CPU
		{357CC4B9-CDDB-478D-8381-9667F0859EFF}.Debug|Any CPU.Build.0 = Debug|Any CPU
		{357CC4B9-CDDB-478D-8381-9667F0859EFF}.Release|Any CPU.ActiveCfg = Release|Any CPU
		{357CC4B9-CDDB-478D-8381-9667F0859EFF}.Release|Any CPU.Build.0 = Release|Any CPU
	EndGlobalSection
	GlobalSection(SolutionProperties) = preSolution
		HideSolutionNode = FALSE
	EndGlobalSection
	GlobalSection(ExtensibilityGlobals) = postSolution
		SolutionGuid = {061FB0A3-C9EB-45AA-B807-B454D6C6A2CD}
	EndGlobalSection
EndGlobal
